
Microsoft Visual Studio Solution File, Format Version 12.00
# Visual Studio Version 17
VisualStudioVersion = 17.13.35919.96 d17.13
MinimumVisualStudioVersion = 10.0.40219.1
Project("{2150E333-8FDC-42A3-9474-1A3956D46DE8}") = "Solution Items", "Solution Items", "{A57FB826-3718-4823-8104-729E35F95965}"
	ProjectSection(SolutionItems) = preProject
		docker-compose.yml = docker-compose.yml
		Directory.Build.props = Directory.Build.props
		Directory.Packages.props = Directory.Packages.props
	EndProjectSection
EndProject
Project("{2150E333-8FDC-42A3-9474-1A3956D46DE8}") = "Tests", "Tests", "{7F2D6466-06F9-4CF4-AB28-49A6A2999BF1}"
EndProject
Project("{2150E333-8FDC-42A3-9474-1A3956D46DE8}") = "OrderService", "OrderService", "{5E54CC75-6483-4F4E-8016-D287CEC89AE6}"
EndProject
Project("{2150E333-8FDC-42A3-9474-1A3956D46DE8}") = "InventoryService", "InventoryService", "{A898D582-E76E-46CC-8E06-9AF6DA270DDB}"
EndProject
Project("{2150E333-8FDC-42A3-9474-1A3956D46DE8}") = "Tests", "Tests", "{17EDF301-75CE-4B1A-BF0C-B792BA38D26A}"
EndProject
Project("{FAE04EC0-301F-11D3-BF4B-00C04F79EFBC}") = "InventoryService.Domain.Tests", "InventoryService\InventoryService.Domain.Tests\InventoryService.Domain.Tests.csproj", "{38BEA7CC-53D2-4639-B86B-7600F9BED401}"
EndProject
Project("{FAE04EC0-301F-11D3-BF4B-00C04F79EFBC}") = "OrderService.Application.Command.Tests", "OrderService\OrderService.Application.Command.Tests\OrderService.Application.Command.Tests.csproj", "{FA49090C-9125-44BC-B5F7-60B46750F27A}"
EndProject
Project("{FAE04EC0-301F-11D3-BF4B-00C04F79EFBC}") = "OrderService.Domain.Tests", "OrderService\OrderService.Domain.Tests\OrderService.Domain.Tests.csproj", "{871F71EF-F297-4EAC-A16F-80E4684F013C}"
EndProject
Project("{FAE04EC0-301F-11D3-BF4B-00C04F79EFBC}") = "OrderService.Application.Command", "OrderService\OrderService.Application.Command\OrderService.Application.Command.csproj", "{6C4488C5-3BAB-400F-89DE-96F76AFDAAF4}"
EndProject
Project("{FAE04EC0-301F-11D3-BF4B-00C04F79EFBC}") = "OrderService.Application.Query", "OrderService\OrderService.Application.Query\OrderService.Application.Query.csproj", "{77381DDA-AE26-4341-855D-A1EAA57AF1F6}"
EndProject
Project("{FAE04EC0-301F-11D3-BF4B-00C04F79EFBC}") = "OrderService.Domain", "OrderService\OrderService.Domain\OrderService.Domain.csproj", "{01FECF3A-082B-4AF2-8F4D-86A531CC0CD0}"
EndProject
Project("{FAE04EC0-301F-11D3-BF4B-00C04F79EFBC}") = "OrderService.Infrastructure", "OrderService\OrderService.Infrastructure\OrderService.Infrastructure.csproj", "{20500A46-336B-4EA7-864F-86363D5C397D}"
EndProject
Project("{FAE04EC0-301F-11D3-BF4B-00C04F79EFBC}") = "OrderService.QueryStack", "OrderService\OrderService.QueryStack\OrderService.QueryStack.csproj", "{8A63EF14-A510-4675-976E-883AE9AD2FAA}"
EndProject
Project("{FAE04EC0-301F-11D3-BF4B-00C04F79EFBC}") = "OrderService.WebApi", "OrderService\OrderService.WebApi\OrderService.WebApi.csproj", "{C9445556-4090-4E45-A08B-BCE6504E233C}"
EndProject
Project("{FAE04EC0-301F-11D3-BF4B-00C04F79EFBC}") = "InventoryService.Domain", "InventoryService\InventoryService.Domain\InventoryService.Domain.csproj", "{C855C217-445E-4E49-AA18-C7BBD7C0AD42}"
EndProject
Global
	GlobalSection(SolutionConfigurationPlatforms) = preSolution
		Debug|Any CPU = Debug|Any CPU
		Release|Any CPU = Release|Any CPU
	EndGlobalSection
	GlobalSection(ProjectConfigurationPlatforms) = postSolution
		{38BEA7CC-53D2-4639-B86B-7600F9BED401}.Debug|Any CPU.ActiveCfg = Debug|Any CPU
		{38BEA7CC-53D2-4639-B86B-7600F9BED401}.Debug|Any CPU.Build.0 = Debug|Any CPU
		{38BEA7CC-53D2-4639-B86B-7600F9BED401}.Release|Any CPU.ActiveCfg = Release|Any CPU
		{38BEA7CC-53D2-4639-B86B-7600F9BED401}.Release|Any CPU.Build.0 = Release|Any CPU
		{FA49090C-9125-44BC-B5F7-60B46750F27A}.Debug|Any CPU.ActiveCfg = Debug|Any CPU
		{FA49090C-9125-44BC-B5F7-60B46750F27A}.Debug|Any CPU.Build.0 = Debug|Any CPU
		{FA49090C-9125-44BC-B5F7-60B46750F27A}.Release|Any CPU.ActiveCfg = Release|Any CPU
		{FA49090C-9125-44BC-B5F7-60B46750F27A}.Release|Any CPU.Build.0 = Release|Any CPU
		{871F71EF-F297-4EAC-A16F-80E4684F013C}.Debug|Any CPU.ActiveCfg = Debug|Any CPU
		{871F71EF-F297-4EAC-A16F-80E4684F013C}.Debug|Any CPU.Build.0 = Debug|Any CPU
		{871F71EF-F297-4EAC-A16F-80E4684F013C}.Release|Any CPU.ActiveCfg = Release|Any CPU
		{871F71EF-F297-4EAC-A16F-80E4684F013C}.Release|Any CPU.Build.0 = Release|Any CPU
		{6C4488C5-3BAB-400F-89DE-96F76AFDAAF4}.Debug|Any CPU.ActiveCfg = Debug|Any CPU
		{6C4488C5-3BAB-400F-89DE-96F76AFDAAF4}.Debug|Any CPU.Build.0 = Debug|Any CPU
		{6C4488C5-3BAB-400F-89DE-96F76AFDAAF4}.Release|Any CPU.ActiveCfg = Release|Any CPU
		{6C4488C5-3BAB-400F-89DE-96F76AFDAAF4}.Release|Any CPU.Build.0 = Release|Any CPU
		{77381DDA-AE26-4341-855D-A1EAA57AF1F6}.Debug|Any CPU.ActiveCfg = Debug|Any CPU
		{77381DDA-AE26-4341-855D-A1EAA57AF1F6}.Debug|Any CPU.Build.0 = Debug|Any CPU
		{77381DDA-AE26-4341-855D-A1EAA57AF1F6}.Release|Any CPU.ActiveCfg = Release|Any CPU
		{77381DDA-AE26-4341-855D-A1EAA57AF1F6}.Release|Any CPU.Build.0 = Release|Any CPU
		{01FECF3A-082B-4AF2-8F4D-86A531CC0CD0}.Debug|Any CPU.ActiveCfg = Debug|Any CPU
		{01FECF3A-082B-4AF2-8F4D-86A531CC0CD0}.Debug|Any CPU.Build.0 = Debug|Any CPU
		{01FECF3A-082B-4AF2-8F4D-86A531CC0CD0}.Release|Any CPU.ActiveCfg = Release|Any CPU
		{01FECF3A-082B-4AF2-8F4D-86A531CC0CD0}.Release|Any CPU.Build.0 = Release|Any CPU
		{20500A46-336B-4EA7-864F-86363D5C397D}.Debug|Any CPU.ActiveCfg = Debug|Any CPU
		{20500A46-336B-4EA7-864F-86363D5C397D}.Debug|Any CPU.Build.0 = Debug|Any CPU
		{20500A46-336B-4EA7-864F-86363D5C397D}.Release|Any CPU.ActiveCfg = Release|Any CPU
		{20500A46-336B-4EA7-864F-86363D5C397D}.Release|Any CPU.Build.0 = Release|Any CPU
		{8A63EF14-A510-4675-976E-883AE9AD2FAA}.Debug|Any CPU.ActiveCfg = Debug|Any CPU
		{8A63EF14-A510-4675-976E-883AE9AD2FAA}.Debug|Any CPU.Build.0 = Debug|Any CPU
		{8A63EF14-A510-4675-976E-883AE9AD2FAA}.Release|Any CPU.ActiveCfg = Release|Any CPU
		{8A63EF14-A510-4675-976E-883AE9AD2FAA}.Release|Any CPU.Build.0 = Release|Any CPU
		{C9445556-4090-4E45-A08B-BCE6504E233C}.Debug|Any CPU.ActiveCfg = Debug|Any CPU
		{C9445556-4090-4E45-A08B-BCE6504E233C}.Debug|Any CPU.Build.0 = Debug|Any CPU
		{C9445556-4090-4E45-A08B-BCE6504E233C}.Release|Any CPU.ActiveCfg = Release|Any CPU
		{C9445556-4090-4E45-A08B-BCE6504E233C}.Release|Any CPU.Build.0 = Release|Any CPU
		{C855C217-445E-4E49-AA18-C7BBD7C0AD42}.Debug|Any CPU.ActiveCfg = Debug|Any CPU
		{C855C217-445E-4E49-AA18-C7BBD7C0AD42}.Debug|Any CPU.Build.0 = Debug|Any CPU
		{C855C217-445E-4E49-AA18-C7BBD7C0AD42}.Release|Any CPU.ActiveCfg = Release|Any CPU
		{C855C217-445E-4E49-AA18-C7BBD7C0AD42}.Release|Any CPU.Build.0 = Release|Any CPU
	EndGlobalSection
	GlobalSection(SolutionProperties) = preSolution
		HideSolutionNode = FALSE
	EndGlobalSection
	GlobalSection(NestedProjects) = preSolution
		{7F2D6466-06F9-4CF4-AB28-49A6A2999BF1} = {5E54CC75-6483-4F4E-8016-D287CEC89AE6}
		{17EDF301-75CE-4B1A-BF0C-B792BA38D26A} = {A898D582-E76E-46CC-8E06-9AF6DA270DDB}
		{38BEA7CC-53D2-4639-B86B-7600F9BED401} = {17EDF301-75CE-4B1A-BF0C-B792BA38D26A}
		{FA49090C-9125-44BC-B5F7-60B46750F27A} = {7F2D6466-06F9-4CF4-AB28-49A6A2999BF1}
		{871F71EF-F297-4EAC-A16F-80E4684F013C} = {7F2D6466-06F9-4CF4-AB28-49A6A2999BF1}
		{6C4488C5-3BAB-400F-89DE-96F76AFDAAF4} = {5E54CC75-6483-4F4E-8016-D287CEC89AE6}
		{77381DDA-AE26-4341-855D-A1EAA57AF1F6} = {5E54CC75-6483-4F4E-8016-D287CEC89AE6}
		{01FECF3A-082B-4AF2-8F4D-86A531CC0CD0} = {5E54CC75-6483-4F4E-8016-D287CEC89AE6}
		{20500A46-336B-4EA7-864F-86363D5C397D} = {5E54CC75-6483-4F4E-8016-D287CEC89AE6}
		{8A63EF14-A510-4675-976E-883AE9AD2FAA} = {5E54CC75-6483-4F4E-8016-D287CEC89AE6}
		{C9445556-4090-4E45-A08B-BCE6504E233C} = {5E54CC75-6483-4F4E-8016-D287CEC89AE6}
		{C855C217-445E-4E49-AA18-C7BBD7C0AD42} = {A898D582-E76E-46CC-8E06-9AF6DA270DDB}
	EndGlobalSection
EndGlobal
