
Microsoft Visual Studio Solution File, Format Version 12.00
# Visual Studio Version 17
VisualStudioVersion = 17.13.35919.96 d17.13
MinimumVisualStudioVersion = 10.0.40219.1
Project("{FAE04EC0-301F-11D3-BF4B-00C04F79EFBC}") = "OrderService.Domain", "OrderService.Domain\OrderService.Domain.csproj", "{1898DFC7-44D4-4745-B3D1-C7B4843B0E98}"
EndProject
Project("{FAE04EC0-301F-11D3-BF4B-00C04F79EFBC}") = "OrderService.Infrastructure", "OrderService.Infrastructure\OrderService.Infrastructure.csproj", "{72221C61-2B3F-4A55-9527-C80864584E54}"
EndProject
Project("{FAE04EC0-301F-11D3-BF4B-00C04F79EFBC}") = "OrderService.WebApi", "OrderService.WebApi\OrderService.WebApi.csproj", "{C3857D00-BF3E-404A-B6D0-D4161221607C}"
EndProject
Project("{2150E333-8FDC-42A3-9474-1A3956D46DE8}") = "Solution Items", "Solution Items", "{A57FB826-3718-4823-8104-729E35F95965}"
	ProjectSection(SolutionItems) = preProject
		docker-compose.yml = docker-compose.yml
		Directory.Build.props = Directory.Build.props
		Directory.Packages.props = Directory.Packages.props
	EndProjectSection
EndProject
Project("{FAE04EC0-301F-11D3-BF4B-00C04F79EFBC}") = "OrderService.Application.Command", "OrderService.Application.Command\OrderService.Application.Command.csproj", "{778C16AC-B09A-4409-BC2C-586E6D6FF4E2}"
EndProject
Project("{FAE04EC0-301F-11D3-BF4B-00C04F79EFBC}") = "OrderService.Application.Query", "OrderService.Application.Query\OrderService.Application.Query.csproj", "{42F285DA-6B56-4832-9442-94DB9DFC8551}"
EndProject
Project("{FAE04EC0-301F-11D3-BF4B-00C04F79EFBC}") = "OrderService.QueryStack", "OrderService.QueryStack\OrderService.QueryStack.csproj", "{59FFB549-FCC4-448F-8CD6-7CC6DBFF167E}"
EndProject
Project("{2150E333-8FDC-42A3-9474-1A3956D46DE8}") = "Tests", "Tests", "{7F2D6466-06F9-4CF4-AB28-49A6A2999BF1}"
EndProject
Project("{FAE04EC0-301F-11D3-BF4B-00C04F79EFBC}") = "OrderService.Domain.Tests", "OrderService.Domain.Tests\OrderService.Domain.Tests.csproj", "{1774CBE9-EF19-4F63-A8B2-FD59763CD459}"
EndProject
Project("{FAE04EC0-301F-11D3-BF4B-00C04F79EFBC}") = "OrderService.Application.Command.Tests", "OrderService.Application.Command.Tests\OrderService.Application.Command.Tests.csproj", "{F4D7C690-34D3-43A6-A4ED-82E75EA423B2}"
EndProject
Project("{2150E333-8FDC-42A3-9474-1A3956D46DE8}") = "OrderService", "OrderService", "{5E54CC75-6483-4F4E-8016-D287CEC89AE6}"
EndProject
Project("{2150E333-8FDC-42A3-9474-1A3956D46DE8}") = "InventoryService", "InventoryService", "{A898D582-E76E-46CC-8E06-9AF6DA270DDB}"
EndProject
Project("{2150E333-8FDC-42A3-9474-1A3956D46DE8}") = "Tests", "Tests", "{17EDF301-75CE-4B1A-BF0C-B792BA38D26A}"
EndProject
Project("{FAE04EC0-301F-11D3-BF4B-00C04F79EFBC}") = "InventoryService.Domain.Tests", "InventoryService.Domain.Tests\InventoryService.Domain.Tests.csproj", "{72697176-7CB8-40CA-8707-BC4921030951}"
EndProject
Global
	GlobalSection(SolutionConfigurationPlatforms) = preSolution
		Debug|Any CPU = Debug|Any CPU
		Release|Any CPU = Release|Any CPU
	EndGlobalSection
	GlobalSection(ProjectConfigurationPlatforms) = postSolution
		{1898DFC7-44D4-4745-B3D1-C7B4843B0E98}.Debug|Any CPU.ActiveCfg = Debug|Any CPU
		{1898DFC7-44D4-4745-B3D1-C7B4843B0E98}.Debug|Any CPU.Build.0 = Debug|Any CPU
		{1898DFC7-44D4-4745-B3D1-C7B4843B0E98}.Release|Any CPU.ActiveCfg = Release|Any CPU
		{1898DFC7-44D4-4745-B3D1-C7B4843B0E98}.Release|Any CPU.Build.0 = Release|Any CPU
		{72221C61-2B3F-4A55-9527-C80864584E54}.Debug|Any CPU.ActiveCfg = Debug|Any CPU
		{72221C61-2B3F-4A55-9527-C80864584E54}.Debug|Any CPU.Build.0 = Debug|Any CPU
		{72221C61-2B3F-4A55-9527-C80864584E54}.Release|Any CPU.ActiveCfg = Release|Any CPU
		{72221C61-2B3F-4A55-9527-C80864584E54}.Release|Any CPU.Build.0 = Release|Any CPU
		{C3857D00-BF3E-404A-B6D0-D4161221607C}.Debug|Any CPU.ActiveCfg = Debug|Any CPU
		{C3857D00-BF3E-404A-B6D0-D4161221607C}.Debug|Any CPU.Build.0 = Debug|Any CPU
		{C3857D00-BF3E-404A-B6D0-D4161221607C}.Release|Any CPU.ActiveCfg = Release|Any CPU
		{C3857D00-BF3E-404A-B6D0-D4161221607C}.Release|Any CPU.Build.0 = Release|Any CPU
		{778C16AC-B09A-4409-BC2C-586E6D6FF4E2}.Debug|Any CPU.ActiveCfg = Debug|Any CPU
		{778C16AC-B09A-4409-BC2C-586E6D6FF4E2}.Debug|Any CPU.Build.0 = Debug|Any CPU
		{778C16AC-B09A-4409-BC2C-586E6D6FF4E2}.Release|Any CPU.ActiveCfg = Release|Any CPU
		{778C16AC-B09A-4409-BC2C-586E6D6FF4E2}.Release|Any CPU.Build.0 = Release|Any CPU
		{42F285DA-6B56-4832-9442-94DB9DFC8551}.Debug|Any CPU.ActiveCfg = Debug|Any CPU
		{42F285DA-6B56-4832-9442-94DB9DFC8551}.Debug|Any CPU.Build.0 = Debug|Any CPU
		{42F285DA-6B56-4832-9442-94DB9DFC8551}.Release|Any CPU.ActiveCfg = Release|Any CPU
		{42F285DA-6B56-4832-9442-94DB9DFC8551}.Release|Any CPU.Build.0 = Release|Any CPU
		{59FFB549-FCC4-448F-8CD6-7CC6DBFF167E}.Debug|Any CPU.ActiveCfg = Debug|Any CPU
		{59FFB549-FCC4-448F-8CD6-7CC6DBFF167E}.Debug|Any CPU.Build.0 = Debug|Any CPU
		{59FFB549-FCC4-448F-8CD6-7CC6DBFF167E}.Release|Any CPU.ActiveCfg = Release|Any CPU
		{59FFB549-FCC4-448F-8CD6-7CC6DBFF167E}.Release|Any CPU.Build.0 = Release|Any CPU
		{1774CBE9-EF19-4F63-A8B2-FD59763CD459}.Debug|Any CPU.ActiveCfg = Debug|Any CPU
		{1774CBE9-EF19-4F63-A8B2-FD59763CD459}.Debug|Any CPU.Build.0 = Debug|Any CPU
		{1774CBE9-EF19-4F63-A8B2-FD59763CD459}.Release|Any CPU.ActiveCfg = Release|Any CPU
		{1774CBE9-EF19-4F63-A8B2-FD59763CD459}.Release|Any CPU.Build.0 = Release|Any CPU
		{F4D7C690-34D3-43A6-A4ED-82E75EA423B2}.Debug|Any CPU.ActiveCfg = Debug|Any CPU
		{F4D7C690-34D3-43A6-A4ED-82E75EA423B2}.Debug|Any CPU.Build.0 = Debug|Any CPU
		{F4D7C690-34D3-43A6-A4ED-82E75EA423B2}.Release|Any CPU.ActiveCfg = Release|Any CPU
		{F4D7C690-34D3-43A6-A4ED-82E75EA423B2}.Release|Any CPU.Build.0 = Release|Any CPU
		{72697176-7CB8-40CA-8707-BC4921030951}.Debug|Any CPU.ActiveCfg = Debug|Any CPU
		{72697176-7CB8-40CA-8707-BC4921030951}.Debug|Any CPU.Build.0 = Debug|Any CPU
		{72697176-7CB8-40CA-8707-BC4921030951}.Release|Any CPU.ActiveCfg = Release|Any CPU
		{72697176-7CB8-40CA-8707-BC4921030951}.Release|Any CPU.Build.0 = Release|Any CPU
	EndGlobalSection
	GlobalSection(SolutionProperties) = preSolution
		HideSolutionNode = FALSE
	EndGlobalSection
	GlobalSection(NestedProjects) = preSolution
		{1774CBE9-EF19-4F63-A8B2-FD59763CD459} = {7F2D6466-06F9-4CF4-AB28-49A6A2999BF1}
		{F4D7C690-34D3-43A6-A4ED-82E75EA423B2} = {7F2D6466-06F9-4CF4-AB28-49A6A2999BF1}
		{7F2D6466-06F9-4CF4-AB28-49A6A2999BF1} = {5E54CC75-6483-4F4E-8016-D287CEC89AE6}
		{778C16AC-B09A-4409-BC2C-586E6D6FF4E2} = {5E54CC75-6483-4F4E-8016-D287CEC89AE6}
		{42F285DA-6B56-4832-9442-94DB9DFC8551} = {5E54CC75-6483-4F4E-8016-D287CEC89AE6}
		{1898DFC7-44D4-4745-B3D1-C7B4843B0E98} = {5E54CC75-6483-4F4E-8016-D287CEC89AE6}
		{72221C61-2B3F-4A55-9527-C80864584E54} = {5E54CC75-6483-4F4E-8016-D287CEC89AE6}
		{59FFB549-FCC4-448F-8CD6-7CC6DBFF167E} = {5E54CC75-6483-4F4E-8016-D287CEC89AE6}
		{C3857D00-BF3E-404A-B6D0-D4161221607C} = {5E54CC75-6483-4F4E-8016-D287CEC89AE6}
		{17EDF301-75CE-4B1A-BF0C-B792BA38D26A} = {A898D582-E76E-46CC-8E06-9AF6DA270DDB}
		{72697176-7CB8-40CA-8707-BC4921030951} = {17EDF301-75CE-4B1A-BF0C-B792BA38D26A}
	EndGlobalSection
EndGlobal
