
Microsoft Visual Studio Solution File, Format Version 12.00
# Visual Studio Version 17
VisualStudioVersion = 17.13.35919.96 d17.13
MinimumVisualStudioVersion = 10.0.40219.1
Project("{FAE04EC0-301F-11D3-BF4B-00C04F79EFBC}") = "OrderService.Test", "OrderService.Test\OrderService.Test.csproj", "{AC0445A5-B2FE-4F34-B748-B9EF31A8D87E}"
EndProject
Project("{FAE04EC0-301F-11D3-BF4B-00C04F79EFBC}") = "OrderService.Domain", "OrderService.Domain\OrderService.Domain.csproj", "{1898DFC7-44D4-4745-B3D1-C7B4843B0E98}"
EndProject
Project("{FAE04EC0-301F-11D3-BF4B-00C04F79EFBC}") = "OrderService.Application", "OrderService.Application\OrderService.Application.csproj", "{D739D3EF-8C03-47CA-8C2C-D42376979CAD}"
EndProject
Project("{FAE04EC0-301F-11D3-BF4B-00C04F79EFBC}") = "OrderService.Infrastructure", "OrderService.Infrastructure\OrderService.Infrastructure.csproj", "{72221C61-2B3F-4A55-9527-C80864584E54}"
EndProject
Project("{FAE04EC0-301F-11D3-BF4B-00C04F79EFBC}") = "OrderService.WebApi", "OrderService.WebApi\OrderService.WebApi.csproj", "{C3857D00-BF3E-404A-B6D0-D4161221607C}"
EndProject
Project("{2150E333-8FDC-42A3-9474-1A3956D46DE8}") = "Solution Items", "Solution Items", "{A57FB826-3718-4823-8104-729E35F95965}"
	ProjectSection(SolutionItems) = preProject
		docker-compose.yml = docker-compose.yml
		Directory.Build.props = Directory.Build.props
		Directory.Packages.props = Directory.Packages.props
	EndProjectSection
EndProject
Global
	GlobalSection(SolutionConfigurationPlatforms) = preSolution
		Debug|Any CPU = Debug|Any CPU
		Release|Any CPU = Release|Any CPU
	EndGlobalSection
	GlobalSection(ProjectConfigurationPlatforms) = postSolution
		{AC0445A5-B2FE-4F34-B748-B9EF31A8D87E}.Debug|Any CPU.ActiveCfg = Debug|Any CPU
		{AC0445A5-B2FE-4F34-B748-B9EF31A8D87E}.Debug|Any CPU.Build.0 = Debug|Any CPU
		{AC0445A5-B2FE-4F34-B748-B9EF31A8D87E}.Release|Any CPU.ActiveCfg = Release|Any CPU
		{AC0445A5-B2FE-4F34-B748-B9EF31A8D87E}.Release|Any CPU.Build.0 = Release|Any CPU
		{1898DFC7-44D4-4745-B3D1-C7B4843B0E98}.Debug|Any CPU.ActiveCfg = Debug|Any CPU
		{1898DFC7-44D4-4745-B3D1-C7B4843B0E98}.Debug|Any CPU.Build.0 = Debug|Any CPU
		{1898DFC7-44D4-4745-B3D1-C7B4843B0E98}.Release|Any CPU.ActiveCfg = Release|Any CPU
		{1898DFC7-44D4-4745-B3D1-C7B4843B0E98}.Release|Any CPU.Build.0 = Release|Any CPU
		{D739D3EF-8C03-47CA-8C2C-D42376979CAD}.Debug|Any CPU.ActiveCfg = Debug|Any CPU
		{D739D3EF-8C03-47CA-8C2C-D42376979CAD}.Debug|Any CPU.Build.0 = Debug|Any CPU
		{D739D3EF-8C03-47CA-8C2C-D42376979CAD}.Release|Any CPU.ActiveCfg = Release|Any CPU
		{D739D3EF-8C03-47CA-8C2C-D42376979CAD}.Release|Any CPU.Build.0 = Release|Any CPU
		{72221C61-2B3F-4A55-9527-C80864584E54}.Debug|Any CPU.ActiveCfg = Debug|Any CPU
		{72221C61-2B3F-4A55-9527-C80864584E54}.Debug|Any CPU.Build.0 = Debug|Any CPU
		{72221C61-2B3F-4A55-9527-C80864584E54}.Release|Any CPU.ActiveCfg = Release|Any CPU
		{72221C61-2B3F-4A55-9527-C80864584E54}.Release|Any CPU.Build.0 = Release|Any CPU
		{C3857D00-BF3E-404A-B6D0-D4161221607C}.Debug|Any CPU.ActiveCfg = Debug|Any CPU
		{C3857D00-BF3E-404A-B6D0-D4161221607C}.Debug|Any CPU.Build.0 = Debug|Any CPU
		{C3857D00-BF3E-404A-B6D0-D4161221607C}.Release|Any CPU.ActiveCfg = Release|Any CPU
		{C3857D00-BF3E-404A-B6D0-D4161221607C}.Release|Any CPU.Build.0 = Release|Any CPU
	EndGlobalSection
	GlobalSection(SolutionProperties) = preSolution
		HideSolutionNode = FALSE
	EndGlobalSection
EndGlobal
